
Microsoft Visual Studio Solution File, Format Version 12.00
# Visual Studio Version 16
VisualStudioVersion = 16.0.31424.327
MinimumVisualStudioVersion = 10.0.40219.1
Project("{9A19103F-16F7-4668-BE54-9A1E7A4F7556}") = "GoFigure.App", "GoFigure.App\GoFigure.App.csproj", "{B8284EDC-47DE-4FF1-B992-04B9469A282E}"
EndProject
Project("{9A19103F-16F7-4668-BE54-9A1E7A4F7556}") = "GoFigure.Tests", "GoFigure.Tests\GoFigure.Tests.csproj", "{8161187C-1A5E-4431-9D27-EABFF2B2304E}"
EndProject
Project("{2150E333-8FDC-42A3-9474-1A3956D46DE8}") = ".github", ".github", "{DEBBA944-41EF-437B-A7C3-2E91A856A953}"
EndProject
Project("{2150E333-8FDC-42A3-9474-1A3956D46DE8}") = "workflow", "workflow", "{5D7E94AF-C0B9-4F7C-9069-26ADAD20C686}"
	ProjectSection(SolutionItems) = preProject
		.github\workflows\build-and-test.yml = .github\workflows\build-and-test.yml
	EndProjectSection
EndProject
Project("{2150E333-8FDC-42A3-9474-1A3956D46DE8}") = "Solution Items", "Solution Items", "{989CCB47-196F-4A23-B1B5-249779A3545F}"
	ProjectSection(SolutionItems) = preProject
		scripts\package.ps1 = scripts\package.ps1
		README.md = README.md
	EndProjectSection
EndProject
Global
	GlobalSection(SolutionConfigurationPlatforms) = preSolution
		Debug|Any CPU = Debug|Any CPU
		Release|Any CPU = Release|Any CPU
	EndGlobalSection
	GlobalSection(ProjectConfigurationPlatforms) = postSolution
		{B8284EDC-47DE-4FF1-B992-04B9469A282E}.Debug|Any CPU.ActiveCfg = Debug|Any CPU
		{B8284EDC-47DE-4FF1-B992-04B9469A282E}.Debug|Any CPU.Build.0 = Debug|Any CPU
		{B8284EDC-47DE-4FF1-B992-04B9469A282E}.Release|Any CPU.ActiveCfg = Release|Any CPU
		{B8284EDC-47DE-4FF1-B992-04B9469A282E}.Release|Any CPU.Build.0 = Release|Any CPU
		{8161187C-1A5E-4431-9D27-EABFF2B2304E}.Debug|Any CPU.ActiveCfg = Debug|Any CPU
		{8161187C-1A5E-4431-9D27-EABFF2B2304E}.Debug|Any CPU.Build.0 = Debug|Any CPU
		{8161187C-1A5E-4431-9D27-EABFF2B2304E}.Release|Any CPU.ActiveCfg = Release|Any CPU
		{8161187C-1A5E-4431-9D27-EABFF2B2304E}.Release|Any CPU.Build.0 = Release|Any CPU
	EndGlobalSection
	GlobalSection(SolutionProperties) = preSolution
		HideSolutionNode = FALSE
	EndGlobalSection
	GlobalSection(NestedProjects) = preSolution
		{5D7E94AF-C0B9-4F7C-9069-26ADAD20C686} = {DEBBA944-41EF-437B-A7C3-2E91A856A953}
	EndGlobalSection
	GlobalSection(ExtensibilityGlobals) = postSolution
		SolutionGuid = {495DB38D-1AEF-463A-A5B6-52CF64F8E4F1}
	EndGlobalSection
EndGlobal
