
Microsoft Visual Studio Solution File, Format Version 12.00
# Visual Studio Version 16
VisualStudioVersion = 16.0.31424.327
MinimumVisualStudioVersion = 10.0.40219.1
Project("{FAE04EC0-301F-11D3-BF4B-00C04F79EFBC}") = "GoFigure.App", "GoFigure.App\GoFigure.App.csproj", "{B8284EDC-47DE-4FF1-B992-04B9469A282E}"
EndProject
Global
	GlobalSection(SolutionConfigurationPlatforms) = preSolution
		Debug|Any CPU = Debug|Any CPU
		Release|Any CPU = Release|Any CPU
	EndGlobalSection
	GlobalSection(ProjectConfigurationPlatforms) = postSolution
		{B8284EDC-47DE-4FF1-B992-04B9469A282E}.Debug|Any CPU.ActiveCfg = Debug|Any CPU
		{B8284EDC-47DE-4FF1-B992-04B9469A282E}.Debug|Any CPU.Build.0 = Debug|Any CPU
		{B8284EDC-47DE-4FF1-B992-04B9469A282E}.Release|Any CPU.ActiveCfg = Release|Any CPU
		{B8284EDC-47DE-4FF1-B992-04B9469A282E}.Release|Any CPU.Build.0 = Release|Any CPU
	EndGlobalSection
	GlobalSection(SolutionProperties) = preSolution
		HideSolutionNode = FALSE
	EndGlobalSection
	GlobalSection(ExtensibilityGlobals) = postSolution
		SolutionGuid = {495DB38D-1AEF-463A-A5B6-52CF64F8E4F1}
	EndGlobalSection
EndGlobal
